# This file is @generated by PDM.
# It is not intended for manual editing.

[metadata]
groups = ["default"]
strategy = ["inherit_metadata"]
lock_version = "4.5.0"
content_hash = "sha256:0437ed00ff797bbb6ee4e024a4953d4d92376ee1d6d6bba5a58065a90b1203ac"

[[metadata.targets]]
requires_python = "==3.10.*"

[[package]]
name = "brotli"
version = "1.1.0"
summary = "Python bindings for the Brotli compression library"
groups = ["default"]
files = [
    {file = "Brotli-1.1.0-cp310-cp310-macosx_10_9_universal2.whl", hash = "sha256:e1140c64812cb9b06c922e77f1c26a75ec5e3f0fb2bf92cc8c58720dec276752"},
    {file = "Brotli-1.1.0-cp310-cp310-macosx_10_9_x86_64.whl", hash = "sha256:c8fd5270e906eef71d4a8d19b7c6a43760c6abcfcc10c9101d14eb2357418de9"},
    {file = "Brotli-1.1.0-cp310-cp310-manylinux_2_17_aarch64.manylinux2014_aarch64.whl", hash = "sha256:1ae56aca0402a0f9a3431cddda62ad71666ca9d4dc3a10a142b9dce2e3c0cda3"},
    {file = "Brotli-1.1.0-cp310-cp310-manylinux_2_17_ppc64le.manylinux2014_ppc64le.whl", hash = "sha256:43ce1b9935bfa1ede40028054d7f48b5469cd02733a365eec8a329ffd342915d"},
    {file = "Brotli-1.1.0-cp310-cp310-manylinux_2_5_i686.manylinux1_i686.manylinux_2_12_i686.manylinux2010_i686.whl", hash = "sha256:7c4855522edb2e6ae7fdb58e07c3ba9111e7621a8956f481c68d5d979c93032e"},
    {file = "Brotli-1.1.0-cp310-cp310-manylinux_2_5_x86_64.manylinux1_x86_64.manylinux_2_12_x86_64.manylinux2010_x86_64.whl", hash = "sha256:38025d9f30cf4634f8309c6874ef871b841eb3c347e90b0851f63d1ded5212da"},
    {file = "Brotli-1.1.0-cp310-cp310-musllinux_1_1_aarch64.whl", hash = "sha256:e6a904cb26bfefc2f0a6f240bdf5233be78cd2488900a2f846f3c3ac8489ab80"},
    {file = "Brotli-1.1.0-cp310-cp310-musllinux_1_1_i686.whl", hash = "sha256:a37b8f0391212d29b3a91a799c8e4a2855e0576911cdfb2515487e30e322253d"},
    {file = "Brotli-1.1.0-cp310-cp310-musllinux_1_1_ppc64le.whl", hash = "sha256:e84799f09591700a4154154cab9787452925578841a94321d5ee8fb9a9a328f0"},
    {file = "Brotli-1.1.0-cp310-cp310-musllinux_1_1_x86_64.whl", hash = "sha256:f66b5337fa213f1da0d9000bc8dc0cb5b896b726eefd9c6046f699b169c41b9e"},
    {file = "Brotli-1.1.0-cp310-cp310-musllinux_1_2_aarch64.whl", hash = "sha256:5dab0844f2cf82be357a0eb11a9087f70c5430b2c241493fc122bb6f2bb0917c"},
    {file = "Brotli-1.1.0-cp310-cp310-musllinux_1_2_i686.whl", hash = "sha256:e4fe605b917c70283db7dfe5ada75e04561479075761a0b3866c081d035b01c1"},
    {file = "Brotli-1.1.0-cp310-cp310-musllinux_1_2_ppc64le.whl", hash = "sha256:1e9a65b5736232e7a7f91ff3d02277f11d339bf34099a56cdab6a8b3410a02b2"},
    {file = "Brotli-1.1.0-cp310-cp310-musllinux_1_2_x86_64.whl", hash = "sha256:58d4b711689366d4a03ac7957ab8c28890415e267f9b6589969e74b6e42225ec"},
    {file = "Brotli-1.1.0-cp310-cp310-win32.whl", hash = "sha256:be36e3d172dc816333f33520154d708a2657ea63762ec16b62ece02ab5e4daf2"},
    {file = "Brotli-1.1.0-cp310-cp310-win_amd64.whl", hash = "sha256:0c6244521dda65ea562d5a69b9a26120769b7a9fb3db2fe9545935ed6735b128"},
    {file = "Brotli-1.1.0.tar.gz", hash = "sha256:81de08ac11bcb85841e440c13611c00b67d3bf82698314928d0b676362546724"},
]

[[package]]
name = "brotlicffi"
version = "1.1.0.0"
requires_python = ">=3.7"
summary = "Python CFFI bindings to the Brotli library"
groups = ["default"]
marker = "platform_python_implementation != \"CPython\""
dependencies = [
    "cffi>=1.0.0",
]
files = [
    {file = "brotlicffi-1.1.0.0-cp37-abi3-macosx_10_9_x86_64.whl", hash = "sha256:9b7ae6bd1a3f0df532b6d67ff674099a96d22bc0948955cb338488c31bfb8851"},
    {file = "brotlicffi-1.1.0.0-cp37-abi3-manylinux_2_17_aarch64.manylinux2014_aarch64.whl", hash = "sha256:19ffc919fa4fc6ace69286e0a23b3789b4219058313cf9b45625016bf7ff996b"},
    {file = "brotlicffi-1.1.0.0-cp37-abi3-manylinux_2_17_x86_64.manylinux2014_x86_64.whl", hash = "sha256:9feb210d932ffe7798ee62e6145d3a757eb6233aa9a4e7db78dd3690d7755814"},
    {file = "brotlicffi-1.1.0.0-cp37-abi3-manylinux_2_5_i686.manylinux1_i686.manylinux_2_17_i686.manylinux2014_i686.whl", hash = "sha256:84763dbdef5dd5c24b75597a77e1b30c66604725707565188ba54bab4f114820"},
    {file = "brotlicffi-1.1.0.0-cp37-abi3-win32.whl", hash = "sha256:1b12b50e07c3911e1efa3a8971543e7648100713d4e0971b13631cce22c587eb"},
    {file = "brotlicffi-1.1.0.0-cp37-abi3-win_amd64.whl", hash = "sha256:994a4f0681bb6c6c3b0925530a1926b7a189d878e6e5e38fae8efa47c5d9c613"},
    {file = "brotlicffi-1.1.0.0-pp310-pypy310_pp73-macosx_10_9_x86_64.whl", hash = "sha256:2e4aeb0bd2540cb91b069dbdd54d458da8c4334ceaf2d25df2f4af576d6766ca"},
    {file = "brotlicffi-1.1.0.0-pp310-pypy310_pp73-manylinux_2_17_aarch64.manylinux2014_aarch64.whl", hash = "sha256:4b7b0033b0d37bb33009fb2fef73310e432e76f688af76c156b3594389d81391"},
    {file = "brotlicffi-1.1.0.0-pp310-pypy310_pp73-manylinux_2_17_x86_64.manylinux2014_x86_64.whl", hash = "sha256:54a07bb2374a1eba8ebb52b6fafffa2afd3c4df85ddd38fcc0511f2bb387c2a8"},
    {file = "brotlicffi-1.1.0.0-pp310-pypy310_pp73-manylinux_2_5_i686.manylinux1_i686.manylinux_2_17_i686.manylinux2014_i686.whl", hash = "sha256:7901a7dc4b88f1c1475de59ae9be59799db1007b7d059817948d8e4f12e24e35"},
    {file = "brotlicffi-1.1.0.0-pp310-pypy310_pp73-win_amd64.whl", hash = "sha256:ce01c7316aebc7fce59da734286148b1d1b9455f89cf2c8a4dfce7d41db55c2d"},
    {file = "brotlicffi-1.1.0.0.tar.gz", hash = "sha256:b77827a689905143f87915310b93b273ab17888fd43ef350d4832c4a71083c13"},
]

[[package]]
name = "cffi"
version = "2.0.0"
requires_python = ">=3.9"
summary = "Foreign Function Interface for Python calling C code."
groups = ["default"]
marker = "platform_python_implementation != \"CPython\""
dependencies = [
    "pycparser; implementation_name != \"PyPy\"",
]
files = [
    {file = "cffi-2.0.0-cp310-cp310-macosx_10_13_x86_64.whl", hash = "sha256:0cf2d91ecc3fcc0625c2c530fe004f82c110405f101548512cce44322fa8ac44"},
    {file = "cffi-2.0.0-cp310-cp310-macosx_11_0_arm64.whl", hash = "sha256:f73b96c41e3b2adedc34a7356e64c8eb96e03a3782b535e043a986276ce12a49"},
    {file = "cffi-2.0.0-cp310-cp310-manylinux1_i686.manylinux2014_i686.manylinux_2_17_i686.manylinux_2_5_i686.whl", hash = "sha256:53f77cbe57044e88bbd5ed26ac1d0514d2acf0591dd6bb02a3ae37f76811b80c"},
    {file = "cffi-2.0.0-cp310-cp310-manylinux2014_aarch64.manylinux_2_17_aarch64.whl", hash = "sha256:3e837e369566884707ddaf85fc1744b47575005c0a229de3327f8f9a20f4efeb"},
    {file = "cffi-2.0.0-cp310-cp310-manylinux2014_ppc64le.manylinux_2_17_ppc64le.whl", hash = "sha256:5eda85d6d1879e692d546a078b44251cdd08dd1cfb98dfb77b670c97cee49ea0"},
    {file = "cffi-2.0.0-cp310-cp310-manylinux2014_s390x.manylinux_2_17_s390x.whl", hash = "sha256:9332088d75dc3241c702d852d4671613136d90fa6881da7d770a483fd05248b4"},
    {file = "cffi-2.0.0-cp310-cp310-manylinux2014_x86_64.manylinux_2_17_x86_64.whl", hash = "sha256:fc7de24befaeae77ba923797c7c87834c73648a05a4bde34b3b7e5588973a453"},
    {file = "cffi-2.0.0-cp310-cp310-musllinux_1_2_aarch64.whl", hash = "sha256:cf364028c016c03078a23b503f02058f1814320a56ad535686f90565636a9495"},
    {file = "cffi-2.0.0-cp310-cp310-musllinux_1_2_i686.whl", hash = "sha256:e11e82b744887154b182fd3e7e8512418446501191994dbf9c9fc1f32cc8efd5"},
    {file = "cffi-2.0.0-cp310-cp310-musllinux_1_2_x86_64.whl", hash = "sha256:8ea985900c5c95ce9db1745f7933eeef5d314f0565b27625d9a10ec9881e1bfb"},
    {file = "cffi-2.0.0-cp310-cp310-win32.whl", hash = "sha256:1f72fb8906754ac8a2cc3f9f5aaa298070652a0ffae577e0ea9bd480dc3c931a"},
    {file = "cffi-2.0.0-cp310-cp310-win_amd64.whl", hash = "sha256:b18a3ed7d5b3bd8d9ef7a8cb226502c6bf8308df1525e1cc676c3680e7176739"},
    {file = "cffi-2.0.0.tar.gz", hash = "sha256:44d1b5909021139fe36001ae048dbdde8214afa20200eda0f64c068cac5d5529"},
]

[[package]]
name = "defusedxml"
version = "0.7.1"
requires_python = ">=2.7, !=3.0.*, !=3.1.*, !=3.2.*, !=3.3.*, !=3.4.*"
summary = "XML bomb protection for Python stdlib modules"
groups = ["default"]
files = [
    {file = "defusedxml-0.7.1-py2.py3-none-any.whl", hash = "sha256:a352e7e428770286cc899e2542b6cdaedb2b4953ff269a210103ec58f6198a61"},
    {file = "defusedxml-0.7.1.tar.gz", hash = "sha256:1bb3032db185915b62d7c6209c5a8792be6a32ab2fedacc84e01b52c51aa3e69"},
]

[[package]]
name = "fonttools"
version = "4.59.2"
requires_python = ">=3.9"
summary = "Tools to manipulate font files"
groups = ["default"]
files = [
    {file = "fonttools-4.59.2-cp310-cp310-macosx_10_9_universal2.whl", hash = "sha256:2a159e36ae530650acd13604f364b3a2477eff7408dcac6a640d74a3744d2514"},
    {file = "fonttools-4.59.2-cp310-cp310-macosx_10_9_x86_64.whl", hash = "sha256:8bd733e47bf4c6dee2b2d8af7a1f7b0c091909b22dbb969a29b2b991e61e5ba4"},
    {file = "fonttools-4.59.2-cp310-cp310-manylinux2014_aarch64.manylinux_2_17_aarch64.manylinux_2_28_aarch64.whl", hash = "sha256:7bb32e0e33795e3b7795bb9b88cb6a9d980d3cbe26dd57642471be547708e17a"},
    {file = "fonttools-4.59.2-cp310-cp310-manylinux2014_x86_64.manylinux_2_17_x86_64.whl", hash = "sha256:cdcdf7aad4bab7fd0f2938624a5a84eb4893be269f43a6701b0720b726f24df0"},
    {file = "fonttools-4.59.2-cp310-cp310-musllinux_1_2_aarch64.whl", hash = "sha256:4d974312a9f405628e64f475b1f5015a61fd338f0a1b61d15c4822f97d6b045b"},
    {file = "fonttools-4.59.2-cp310-cp310-musllinux_1_2_x86_64.whl", hash = "sha256:12dc4670e6e6cc4553e8de190f86a549e08ca83a036363115d94a2d67488831e"},
    {file = "fonttools-4.59.2-cp310-cp310-win32.whl", hash = "sha256:1603b85d5922042563eea518e272b037baf273b9a57d0f190852b0b075079000"},
    {file = "fonttools-4.59.2-cp310-cp310-win_amd64.whl", hash = "sha256:2543b81641ea5b8ddfcae7926e62aafd5abc604320b1b119e5218c014a7a5d3c"},
    {file = "fonttools-4.59.2-py3-none-any.whl", hash = "sha256:8bd0f759020e87bb5d323e6283914d9bf4ae35a7307dafb2cbd1e379e720ad37"},
    {file = "fonttools-4.59.2.tar.gz", hash = "sha256:e72c0749b06113f50bcb80332364c6be83a9582d6e3db3fe0b280f996dc2ef22"},
]

[[package]]
name = "fonttools"
version = "4.59.2"
extras = ["unicode", "woff"]
requires_python = ">=3.9"
summary = "Tools to manipulate font files"
groups = ["default"]
dependencies = [
    "brotli>=1.0.1; platform_python_implementation == \"CPython\"",
    "brotlicffi>=0.8.0; platform_python_implementation != \"CPython\"",
    "fonttools==4.59.2",
    "unicodedata2>=15.1.0; python_version <= \"3.12\"",
    "zopfli>=0.1.4",
]
files = [
    {file = "fonttools-4.59.2-cp310-cp310-macosx_10_9_universal2.whl", hash = "sha256:2a159e36ae530650acd13604f364b3a2477eff7408dcac6a640d74a3744d2514"},
    {file = "fonttools-4.59.2-cp310-cp310-macosx_10_9_x86_64.whl", hash = "sha256:8bd733e47bf4c6dee2b2d8af7a1f7b0c091909b22dbb969a29b2b991e61e5ba4"},
    {file = "fonttools-4.59.2-cp310-cp310-manylinux2014_aarch64.manylinux_2_17_aarch64.manylinux_2_28_aarch64.whl", hash = "sha256:7bb32e0e33795e3b7795bb9b88cb6a9d980d3cbe26dd57642471be547708e17a"},
    {file = "fonttools-4.59.2-cp310-cp310-manylinux2014_x86_64.manylinux_2_17_x86_64.whl", hash = "sha256:cdcdf7aad4bab7fd0f2938624a5a84eb4893be269f43a6701b0720b726f24df0"},
    {file = "fonttools-4.59.2-cp310-cp310-musllinux_1_2_aarch64.whl", hash = "sha256:4d974312a9f405628e64f475b1f5015a61fd338f0a1b61d15c4822f97d6b045b"},
    {file = "fonttools-4.59.2-cp310-cp310-musllinux_1_2_x86_64.whl", hash = "sha256:12dc4670e6e6cc4553e8de190f86a549e08ca83a036363115d94a2d67488831e"},
    {file = "fonttools-4.59.2-cp310-cp310-win32.whl", hash = "sha256:1603b85d5922042563eea518e272b037baf273b9a57d0f190852b0b075079000"},
    {file = "fonttools-4.59.2-cp310-cp310-win_amd64.whl", hash = "sha256:2543b81641ea5b8ddfcae7926e62aafd5abc604320b1b119e5218c014a7a5d3c"},
    {file = "fonttools-4.59.2-py3-none-any.whl", hash = "sha256:8bd0f759020e87bb5d323e6283914d9bf4ae35a7307dafb2cbd1e379e720ad37"},
    {file = "fonttools-4.59.2.tar.gz", hash = "sha256:e72c0749b06113f50bcb80332364c6be83a9582d6e3db3fe0b280f996dc2ef22"},
]

[[package]]
name = "fpdf"
version = "1.7.2"
summary = "Simple PDF generation for Python"
groups = ["default"]
files = [
    {file = "fpdf-1.7.2.tar.gz", hash = "sha256:125840783289e7d12552b1e86ab692c37322e7a65b96a99e0ea86cca041b6779"},
]

[[package]]
name = "fpdf2"
version = "2.8.4"
requires_python = ">=3.9"
summary = "Simple & fast PDF generation for Python"
groups = ["default"]
dependencies = [
    "Pillow!=9.2.*,>=8.0.0",
    "defusedxml",
    "fonttools>=4.34.0",
]
files = [
    {file = "fpdf2-2.8.4-py2.py3-none-any.whl", hash = "sha256:bce1afc437107906dcdb0b95c300c7501002fe412c2ed36fa33c8f0a2f87ef3e"},
    {file = "fpdf2-2.8.4.tar.gz", hash = "sha256:12b1f1dd35d0c2f35284bcfe10b153d6ca4baf29377379843e73d3f971eab6b7"},
]

[[package]]
name = "pillow"
version = "11.3.0"
requires_python = ">=3.9"
summary = "Python Imaging Library (Fork)"
groups = ["default"]
files = [
    {file = "pillow-11.3.0-cp310-cp310-macosx_10_10_x86_64.whl", hash = "sha256:1b9c17fd4ace828b3003dfd1e30bff24863e0eb59b535e8f80194d9cc7ecf860"},
    {file = "pillow-11.3.0-cp310-cp310-macosx_11_0_arm64.whl", hash = "sha256:65dc69160114cdd0ca0f35cb434633c75e8e7fad4cf855177a05bf38678f73ad"},
    {file = "pillow-11.3.0-cp310-cp310-manylinux2014_aarch64.manylinux_2_17_aarch64.whl", hash = "sha256:7107195ddc914f656c7fc8e4a5e1c25f32e9236ea3ea860f257b0436011fddd0"},
    {file = "pillow-11.3.0-cp310-cp310-manylinux2014_x86_64.manylinux_2_17_x86_64.whl", hash = "sha256:cc3e831b563b3114baac7ec2ee86819eb03caa1a2cef0b481a5675b59c4fe23b"},
    {file = "pillow-11.3.0-cp310-cp310-manylinux_2_27_aarch64.manylinux_2_28_aarch64.whl", hash = "sha256:f1f182ebd2303acf8c380a54f615ec883322593320a9b00438eb842c1f37ae50"},
    {file = "pillow-11.3.0-cp310-cp310-manylinux_2_27_x86_64.manylinux_2_28_x86_64.whl", hash = "sha256:4445fa62e15936a028672fd48c4c11a66d641d2c05726c7ec1f8ba6a572036ae"},
    {file = "pillow-11.3.0-cp310-cp310-musllinux_1_2_aarch64.whl", hash = "sha256:71f511f6b3b91dd543282477be45a033e4845a40278fa8dcdbfdb07109bf18f9"},
    {file = "pillow-11.3.0-cp310-cp310-musllinux_1_2_x86_64.whl", hash = "sha256:040a5b691b0713e1f6cbe222e0f4f74cd233421e105850ae3b3c0ceda520f42e"},
    {file = "pillow-11.3.0-cp310-cp310-win32.whl", hash = "sha256:89bd777bc6624fe4115e9fac3352c79ed60f3bb18651420635f26e643e3dd1f6"},
    {file = "pillow-11.3.0-cp310-cp310-win_amd64.whl", hash = "sha256:19d2ff547c75b8e3ff46f4d9ef969a06c30ab2d4263a9e287733aa8b2429ce8f"},
    {file = "pillow-11.3.0-cp310-cp310-win_arm64.whl", hash = "sha256:819931d25e57b513242859ce1876c58c59dc31587847bf74cfe06b2e0cb22d2f"},
    {file = "pillow-11.3.0-pp310-pypy310_pp73-macosx_10_15_x86_64.whl", hash = "sha256:3cee80663f29e3843b68199b9d6f4f54bd1d4a6b59bdd91bceefc51238bcb967"},
    {file = "pillow-11.3.0-pp310-pypy310_pp73-macosx_11_0_arm64.whl", hash = "sha256:b5f56c3f344f2ccaf0dd875d3e180f631dc60a51b314295a3e681fe8cf851fbe"},
    {file = "pillow-11.3.0-pp310-pypy310_pp73-manylinux2014_aarch64.manylinux_2_17_aarch64.whl", hash = "sha256:e67d793d180c9df62f1f40aee3accca4829d3794c95098887edc18af4b8b780c"},
    {file = "pillow-11.3.0-pp310-pypy310_pp73-manylinux2014_x86_64.manylinux_2_17_x86_64.whl", hash = "sha256:d000f46e2917c705e9fb93a3606ee4a819d1e3aa7a9b442f6444f07e77cf5e25"},
    {file = "pillow-11.3.0-pp310-pypy310_pp73-manylinux_2_27_aarch64.manylinux_2_28_aarch64.whl", hash = "sha256:527b37216b6ac3a12d7838dc3bd75208ec57c1c6d11ef01902266a5a0c14fc27"},
    {file = "pillow-11.3.0-pp310-pypy310_pp73-manylinux_2_27_x86_64.manylinux_2_28_x86_64.whl", hash = "sha256:be5463ac478b623b9dd3937afd7fb7ab3d79dd290a28e2b6df292dc75063eb8a"},
    {file = "pillow-11.3.0-pp310-pypy310_pp73-win_amd64.whl", hash = "sha256:8dc70ca24c110503e16918a658b869019126ecfe03109b754c402daff12b3d9f"},
    {file = "pillow-11.3.0.tar.gz", hash = "sha256:3828ee7586cd0b2091b6209e5ad53e20d0649bbe87164a459d0676e035e8f523"},
]

[[package]]
name = "pycparser"
version = "2.23"
requires_python = ">=3.8"
summary = "C parser in Python"
groups = ["default"]
marker = "implementation_name != \"PyPy\" and platform_python_implementation != \"CPython\""
files = [
    {file = "pycparser-2.23-py3-none-any.whl", hash = "sha256:e5c6e8d3fbad53479cab09ac03729e0a9faf2bee3db8208a550daf5af81a5934"},
    {file = "pycparser-2.23.tar.gz", hash = "sha256:78816d4f24add8f10a06d6f05b4d424ad9e96cfebf68a4ddc99c65c0720d00c2"},
]

[[package]]
name = "unicodedata2"
version = "16.0.0"
summary = "Unicodedata backport updated to the latest Unicode version."
groups = ["default"]
marker = "python_version <= \"3.12\""
files = [
    {file = "unicodedata2-16.0.0-cp310-cp310-macosx_10_9_universal2.whl", hash = "sha256:9bae42b4f00a612dae3d26d0a69ddae77976158062824ea8ddd97f09556ffe72"},
    {file = "unicodedata2-16.0.0-cp310-cp310-macosx_11_0_arm64.whl", hash = "sha256:0e648adfba023a5e982113f6272be7e907eb7ec03e67c9a8d877cb33c1b95e69"},
    {file = "unicodedata2-16.0.0-cp310-cp310-manylinux_2_17_aarch64.manylinux2014_aarch64.whl", hash = "sha256:4771bde0319be8f1b32b940cbda6859e4f5cadd5bc352c9060381b0408c9097b"},
    {file = "unicodedata2-16.0.0-cp310-cp310-manylinux_2_17_x86_64.manylinux2014_x86_64.whl", hash = "sha256:f5b6c9a41718670139ccc72eb60e2d436a77661774c0d9869dddfa1203cd8f26"},
    {file = "unicodedata2-16.0.0-cp310-cp310-musllinux_1_2_aarch64.whl", hash = "sha256:7976f82cd8023d2792e4e4926e135a7b6805ffbcf8d74c54fcf5171c8c949169"},
    {file = "unicodedata2-16.0.0-cp310-cp310-musllinux_1_2_x86_64.whl", hash = "sha256:9f59788592c3e5491fab7565f8395de28d1f48d57bb6568df4864bf5de0a6861"},
    {file = "unicodedata2-16.0.0-cp310-cp310-win32.whl", hash = "sha256:fe61cc8281ca059c4541506f2bc07bf04671844c0e318424761fcb26bc8c5295"},
    {file = "unicodedata2-16.0.0-cp310-cp310-win_amd64.whl", hash = "sha256:e844807f8e33142a35ff43db606a1c9f426e364ad1b5afee0109adb622a4f57a"},
    {file = "unicodedata2-16.0.0-pp310-pypy310_pp73-macosx_11_0_arm64.whl", hash = "sha256:5a0405320ebae0919a9976798ae5cdf3bcfb151fd383ba202027a1e0bf45d347"},
    {file = "unicodedata2-16.0.0-pp310-pypy310_pp73-manylinux_2_17_x86_64.manylinux2014_x86_64.whl", hash = "sha256:4ffa3f03ee8eb66e87fc6df42ed85e14142307e6e6756962098f1d5d2d66e179"},
    {file = "unicodedata2-16.0.0-pp310-pypy310_pp73-win_amd64.whl", hash = "sha256:677783731db528d8c27630c08bff8906584feee8dfea0e9a815eee7c3dfc5e8c"},
    {file = "unicodedata2-16.0.0.tar.gz", hash = "sha256:05488d6592b59cd78b61ec37d38725416b2df62efafa6a0d63a631b27aa474fc"},
]

[[package]]
name = "zopfli"
version = "0.2.3.post1"
requires_python = ">=3.8"
summary = "Zopfli module for python"
groups = ["default"]
files = [
    {file = "zopfli-0.2.3.post1-cp310-cp310-macosx_10_9_universal2.whl", hash = "sha256:e0137dd64a493ba6a4be37405cfd6febe650a98cc1e9dca8f6b8c63b1db11b41"},
    {file = "zopfli-0.2.3.post1-cp310-cp310-macosx_10_9_x86_64.whl", hash = "sha256:aa588b21044f8a74e423d8c8a4c7fc9988501878aacced793467010039c50734"},
    {file = "zopfli-0.2.3.post1-cp310-cp310-manylinux_2_12_i686.manylinux2010_i686.whl", hash = "sha256:9f4a7ec2770e6af05f5a02733fd3900f30a9cd58e5d6d3727e14c5bcd6e7d587"},
    {file = "zopfli-0.2.3.post1-cp310-cp310-manylinux_2_12_x86_64.manylinux2010_x86_64.whl", hash = "sha256:f7d69c1a7168ad0e9cb864e8663acb232986a0c9c9cb9801f56bf6214f53a54d"},
    {file = "zopfli-0.2.3.post1-cp310-cp310-manylinux_2_17_aarch64.manylinux2014_aarch64.whl", hash = "sha256:6c2d2bc8129707e34c51f9352c4636ca313b52350bbb7e04637c46c1818a2a70"},
    {file = "zopfli-0.2.3.post1-cp310-cp310-musllinux_1_2_aarch64.whl", hash = "sha256:39e576f93576c5c223b41d9c780bbb91fd6db4babf3223d2a4fe7bf568e2b5a8"},
    {file = "zopfli-0.2.3.post1-cp310-cp310-musllinux_1_2_i686.whl", hash = "sha256:cbe6df25807227519debd1a57ab236f5f6bad441500e85b13903e51f93a43214"},
    {file = "zopfli-0.2.3.post1-cp310-cp310-musllinux_1_2_x86_64.whl", hash = "sha256:7cce242b5df12b2b172489daf19c32e5577dd2fac659eb4b17f6a6efb446fd5c"},
    {file = "zopfli-0.2.3.post1-cp310-cp310-win32.whl", hash = "sha256:f815fcc2b2a457977724bad97fb4854022980f51ce7b136925e336b530545ae1"},
    {file = "zopfli-0.2.3.post1-cp310-cp310-win_amd64.whl", hash = "sha256:0cc20b02a9531559945324c38302fd4ba763311632d0ec8a1a0aa9c10ea363e6"},
    {file = "zopfli-0.2.3.post1-pp310-pypy310_pp73-macosx_10_15_x86_64.whl", hash = "sha256:4c1226a7e2c7105ac31503a9bb97454743f55d88164d6d46bc138051b77f609b"},
    {file = "zopfli-0.2.3.post1-pp310-pypy310_pp73-manylinux_2_12_i686.manylinux2010_i686.manylinux_2_17_i686.manylinux2014_i686.whl", hash = "sha256:48dba9251060289101343110ab47c0756f66f809bb4d1ddbb6d5c7e7752115c5"},
    {file = "zopfli-0.2.3.post1-pp310-pypy310_pp73-manylinux_2_17_x86_64.manylinux2014_x86_64.whl", hash = "sha256:89899641d4de97dbad8e0cde690040d078b6aea04066dacaab98e0b5a23573f2"},
    {file = "zopfli-0.2.3.post1-pp310-pypy310_pp73-win_amd64.whl", hash = "sha256:3654bfc927bc478b1c3f3ff5056ed7b20a1a37fa108ca503256d0a699c03bbb1"},
    {file = "zopfli-0.2.3.post1.tar.gz", hash = "sha256:96484dc0f48be1c5d7ae9f38ed1ce41e3675fd506b27c11a6607f14b49101e99"},
]
