# This file is @generated by PDM.
# It is not intended for manual editing.

[metadata]
groups = ["default"]
strategy = ["inherit_metadata"]
lock_version = "4.5.0"
content_hash = "sha256:e7597dbdd8fc83e4c1fdde7f9ef2ce5d516dc1751876840137a11a6d68908b85"

[[metadata.targets]]
requires_python = "==3.13.*"

[[package]]
name = "brotli"
version = "1.2.0"
summary = "Python bindings for the Brotli compression library"
groups = ["default"]
files = [
    {file = "brotli-1.2.0-cp313-cp313-macosx_10_13_universal2.whl", hash = "sha256:9e5825ba2c9998375530504578fd4d5d1059d09621a02065d1b6bfc41a8e05ab"},
    {file = "brotli-1.2.0-cp313-cp313-macosx_10_13_x86_64.whl", hash = "sha256:0cf8c3b8ba93d496b2fae778039e2f5ecc7cff99df84df337ca31d8f2252896c"},
    {file = "brotli-1.2.0-cp313-cp313-manylinux2014_aarch64.manylinux_2_17_aarch64.manylinux_2_28_aarch64.whl", hash = "sha256:c8565e3cdc1808b1a34714b553b262c5de5fbda202285782173ec137fd13709f"},
    {file = "brotli-1.2.0-cp313-cp313-manylinux2014_ppc64le.manylinux_2_17_ppc64le.manylinux_2_28_ppc64le.whl", hash = "sha256:26e8d3ecb0ee458a9804f47f21b74845cc823fd1bb19f02272be70774f56e2a6"},
    {file = "brotli-1.2.0-cp313-cp313-manylinux2014_x86_64.manylinux_2_17_x86_64.whl", hash = "sha256:67a91c5187e1eec76a61625c77a6c8c785650f5b576ca732bd33ef58b0dff49c"},
    {file = "brotli-1.2.0-cp313-cp313-musllinux_1_2_aarch64.whl", hash = "sha256:4ecdb3b6dc36e6d6e14d3a1bdc6c1057c8cbf80db04031d566eb6080ce283a48"},
    {file = "brotli-1.2.0-cp313-cp313-musllinux_1_2_ppc64le.whl", hash = "sha256:3e1b35d56856f3ed326b140d3c6d9db91740f22e14b06e840fe4bb1923439a18"},
    {file = "brotli-1.2.0-cp313-cp313-musllinux_1_2_x86_64.whl", hash = "sha256:54a50a9dad16b32136b2241ddea9e4df159b41247b2ce6aac0b3276a66a8f1e5"},
    {file = "brotli-1.2.0-cp313-cp313-win32.whl", hash = "sha256:1b1d6a4efedd53671c793be6dd760fcf2107da3a52331ad9ea429edf0902f27a"},
    {file = "brotli-1.2.0-cp313-cp313-win_amd64.whl", hash = "sha256:b63daa43d82f0cdabf98dee215b375b4058cce72871fd07934f179885aad16e8"},
    {file = "brotli-1.2.0.tar.gz", hash = "sha256:e310f77e41941c13340a95976fe66a8a95b01e783d430eeaf7a2f87e0a57dd0a"},
]

[[package]]
name = "brotlicffi"
version = "1.2.0.1"
requires_python = ">=3.8"
summary = "Python CFFI bindings to the Brotli library"
groups = ["default"]
marker = "platform_python_implementation != \"CPython\""
dependencies = [
    "cffi>=1.0.0; python_version < \"3.13\"",
    "cffi>=1.17.0; python_version >= \"3.13\"",
]
files = [
    {file = "brotlicffi-1.2.0.1-cp38-abi3-macosx_11_0_arm64.whl", hash = "sha256:91ba5f0ccc040f6ff8f7efaf839f797723d03ed46acb8ae9408f99ffd2572cf4"},
    {file = "brotlicffi-1.2.0.1-cp38-abi3-manylinux2014_aarch64.manylinux_2_17_aarch64.manylinux_2_28_aarch64.whl", hash = "sha256:be9a670c6811af30a4bd42d7116dc5895d3b41beaa8ed8a89050447a0181f5ce"},
    {file = "brotlicffi-1.2.0.1-cp38-abi3-manylinux2014_x86_64.manylinux_2_17_x86_64.manylinux_2_28_x86_64.whl", hash = "sha256:6f3314a3476f59e5443f9f72a6dff16edc0c3463c9b318feaef04ae3e4683f5a"},
    {file = "brotlicffi-1.2.0.1-cp38-abi3-win32.whl", hash = "sha256:82ea52e2b5d3145b6c406ebd3efb0d55db718b7ad996bd70c62cec0439de1187"},
    {file = "brotlicffi-1.2.0.1-cp38-abi3-win_amd64.whl", hash = "sha256:da2e82a08e7778b8bc539d27ca03cdd684113e81394bfaaad8d0dfc6a17ddede"},
    {file = "brotlicffi-1.2.0.1.tar.gz", hash = "sha256:c20d5c596278307ad06414a6d95a892377ea274a5c6b790c2548c009385d621c"},
]

[[package]]
name = "cffi"
version = "2.0.0"
requires_python = ">=3.9"
summary = "Foreign Function Interface for Python calling C code."
groups = ["default"]
marker = "python_version >= \"3.13\" and platform_python_implementation != \"CPython\""
dependencies = [
    "pycparser; implementation_name != \"PyPy\"",
]
files = [
    {file = "cffi-2.0.0-cp313-cp313-macosx_10_13_x86_64.whl", hash = "sha256:00bdf7acc5f795150faa6957054fbbca2439db2f775ce831222b66f192f03beb"},
    {file = "cffi-2.0.0-cp313-cp313-macosx_11_0_arm64.whl", hash = "sha256:45d5e886156860dc35862657e1494b9bae8dfa63bf56796f2fb56e1679fc0bca"},
    {file = "cffi-2.0.0-cp313-cp313-manylinux1_i686.manylinux2014_i686.manylinux_2_17_i686.manylinux_2_5_i686.whl", hash = "sha256:07b271772c100085dd28b74fa0cd81c8fb1a3ba18b21e03d7c27f3436a10606b"},
    {file = "cffi-2.0.0-cp313-cp313-manylinux2014_aarch64.manylinux_2_17_aarch64.whl", hash = "sha256:d48a880098c96020b02d5a1f7d9251308510ce8858940e6fa99ece33f610838b"},
    {file = "cffi-2.0.0-cp313-cp313-manylinux2014_ppc64le.manylinux_2_17_ppc64le.whl", hash = "sha256:f93fd8e5c8c0a4aa1f424d6173f14a892044054871c771f8566e4008eaa359d2"},
    {file = "cffi-2.0.0-cp313-cp313-manylinux2014_s390x.manylinux_2_17_s390x.whl", hash = "sha256:dd4f05f54a52fb558f1ba9f528228066954fee3ebe629fc1660d874d040ae5a3"},
    {file = "cffi-2.0.0-cp313-cp313-manylinux2014_x86_64.manylinux_2_17_x86_64.whl", hash = "sha256:c8d3b5532fc71b7a77c09192b4a5a200ea992702734a2e9279a37f2478236f26"},
    {file = "cffi-2.0.0-cp313-cp313-musllinux_1_2_aarch64.whl", hash = "sha256:d9b29c1f0ae438d5ee9acb31cadee00a58c46cc9c0b2f9038c6b0b3470877a8c"},
    {file = "cffi-2.0.0-cp313-cp313-musllinux_1_2_x86_64.whl", hash = "sha256:6d50360be4546678fc1b79ffe7a66265e28667840010348dd69a314145807a1b"},
    {file = "cffi-2.0.0-cp313-cp313-win32.whl", hash = "sha256:74a03b9698e198d47562765773b4a8309919089150a0bb17d829ad7b44b60d27"},
    {file = "cffi-2.0.0-cp313-cp313-win_amd64.whl", hash = "sha256:19f705ada2530c1167abacb171925dd886168931e0a7b78f5bffcae5c6b5be75"},
    {file = "cffi-2.0.0-cp313-cp313-win_arm64.whl", hash = "sha256:256f80b80ca3853f90c21b23ee78cd008713787b1b1e93eae9f3d6a7134abd91"},
    {file = "cffi-2.0.0.tar.gz", hash = "sha256:44d1b5909021139fe36001ae048dbdde8214afa20200eda0f64c068cac5d5529"},
]

[[package]]
name = "defusedxml"
version = "0.7.1"
requires_python = ">=2.7, !=3.0.*, !=3.1.*, !=3.2.*, !=3.3.*, !=3.4.*"
summary = "XML bomb protection for Python stdlib modules"
groups = ["default"]
files = [
    {file = "defusedxml-0.7.1-py2.py3-none-any.whl", hash = "sha256:a352e7e428770286cc899e2542b6cdaedb2b4953ff269a210103ec58f6198a61"},
    {file = "defusedxml-0.7.1.tar.gz", hash = "sha256:1bb3032db185915b62d7c6209c5a8792be6a32ab2fedacc84e01b52c51aa3e69"},
]

[[package]]
name = "fonttools"
version = "4.63.0"
requires_python = ">=3.10"
summary = "Tools to manipulate font files"
groups = ["default"]
files = [
    {file = "fonttools-4.63.0-cp313-cp313-macosx_10_13_universal2.whl", hash = "sha256:cd7e9857e5e63738b9d9fd707bc1f59c8b09e5177726d23664db393c59bb08bd"},
    {file = "fonttools-4.63.0-cp313-cp313-macosx_10_13_x86_64.whl", hash = "sha256:c2a2a42198b696a6f48fad91709afb55176e66a5e566131219dba372fb7f8c59"},
    {file = "fonttools-4.63.0-cp313-cp313-manylinux2014_aarch64.manylinux_2_17_aarch64.manylinux_2_28_aarch64.whl", hash = "sha256:1e874792a8212b44583ea02189d9e693906b2f78b261f372f95d6c563210ac1d"},
    {file = "fonttools-4.63.0-cp313-cp313-manylinux2014_x86_64.manylinux_2_17_x86_64.whl", hash = "sha256:22135da48a348785c5e2d5d2d9d6bec5ed44adacbaeb9db12d9493bf6c6bfa68"},
    {file = "fonttools-4.63.0-cp313-cp313-musllinux_1_2_aarch64.whl", hash = "sha256:ccf41f2efdf56994d22d73bef4ced1052161958169428d06ba9724ea9e9a64be"},
    {file = "fonttools-4.63.0-cp313-cp313-musllinux_1_2_x86_64.whl", hash = "sha256:9ced0bd02ac751dd6319b0da88aaef24414e3b0dbc32bb4f24944821a3741a27"},
    {file = "fonttools-4.63.0-cp313-cp313-win32.whl", hash = "sha256:85be818f5506e8a7753153def2c9550178f0ecae6a47b5e0e8dbb23f7cc90380"},
    {file = "fonttools-4.63.0-cp313-cp313-win_amd64.whl", hash = "sha256:ba04cb5891d4c0c21b6da95eda8d7b090021508a294fff33464fc7d241e0856b"},
    {file = "fonttools-4.63.0-py3-none-any.whl", hash = "sha256:445af2eab030a16b9171ea8bdda7ebf7d96bda2df88ee182a464252f6e05e20d"},
    {file = "fonttools-4.63.0.tar.gz", hash = "sha256:caeb583deeb5168e694b65cda8b4ee62abedfa66cf88488734466f2366b9c4e0"},
]

[[package]]
name = "fonttools"
version = "4.63.0"
extras = ["unicode", "woff"]
requires_python = ">=3.10"
summary = "Tools to manipulate font files"
groups = ["default"]
dependencies = [
    "brotli>=1.0.1; platform_python_implementation == \"CPython\"",
    "brotlicffi>=0.8.0; platform_python_implementation != \"CPython\"",
    "fonttools==4.63.0",
    "unicodedata2>=17.0.0; python_version <= \"3.14\"",
    "zopfli>=0.1.4",
]
files = [
    {file = "fonttools-4.63.0-cp313-cp313-macosx_10_13_universal2.whl", hash = "sha256:cd7e9857e5e63738b9d9fd707bc1f59c8b09e5177726d23664db393c59bb08bd"},
    {file = "fonttools-4.63.0-cp313-cp313-macosx_10_13_x86_64.whl", hash = "sha256:c2a2a42198b696a6f48fad91709afb55176e66a5e566131219dba372fb7f8c59"},
    {file = "fonttools-4.63.0-cp313-cp313-manylinux2014_aarch64.manylinux_2_17_aarch64.manylinux_2_28_aarch64.whl", hash = "sha256:1e874792a8212b44583ea02189d9e693906b2f78b261f372f95d6c563210ac1d"},
    {file = "fonttools-4.63.0-cp313-cp313-manylinux2014_x86_64.manylinux_2_17_x86_64.whl", hash = "sha256:22135da48a348785c5e2d5d2d9d6bec5ed44adacbaeb9db12d9493bf6c6bfa68"},
    {file = "fonttools-4.63.0-cp313-cp313-musllinux_1_2_aarch64.whl", hash = "sha256:ccf41f2efdf56994d22d73bef4ced1052161958169428d06ba9724ea9e9a64be"},
    {file = "fonttools-4.63.0-cp313-cp313-musllinux_1_2_x86_64.whl", hash = "sha256:9ced0bd02ac751dd6319b0da88aaef24414e3b0dbc32bb4f24944821a3741a27"},
    {file = "fonttools-4.63.0-cp313-cp313-win32.whl", hash = "sha256:85be818f5506e8a7753153def2c9550178f0ecae6a47b5e0e8dbb23f7cc90380"},
    {file = "fonttools-4.63.0-cp313-cp313-win_amd64.whl", hash = "sha256:ba04cb5891d4c0c21b6da95eda8d7b090021508a294fff33464fc7d241e0856b"},
    {file = "fonttools-4.63.0-py3-none-any.whl", hash = "sha256:445af2eab030a16b9171ea8bdda7ebf7d96bda2df88ee182a464252f6e05e20d"},
    {file = "fonttools-4.63.0.tar.gz", hash = "sha256:caeb583deeb5168e694b65cda8b4ee62abedfa66cf88488734466f2366b9c4e0"},
]

[[package]]
name = "fpdf2"
version = "2.8.7"
requires_python = ">=3.10"
summary = "Simple & fast PDF generation for Python"
groups = ["default"]
dependencies = [
    "Pillow!=9.2.*,>=8.3.2",
    "defusedxml",
    "fonttools>=4.34.0",
]
files = [
    {file = "fpdf2-2.8.7-py3-none-any.whl", hash = "sha256:d391fc508a3ce02fc43a577c830cda4fe6f37646f2d143d489839940932fbc19"},
    {file = "fpdf2-2.8.7.tar.gz", hash = "sha256:7060ccee5a9c7ab0a271fb765a36a23639f83ef8996c34e3d46af0a17ede57f9"},
]

[[package]]
name = "pillow"
version = "12.3.0"
requires_python = ">=3.10"
summary = "Python Imaging Library (fork)"
groups = ["default"]
files = [
    {file = "pillow-12.3.0-cp313-cp313-ios_13_0_arm64_iphoneos.whl", hash = "sha256:21900ce7ba264168cd50defae43cd75d25c833ad4ad6e73ffc5596d12e25ac89"},
    {file = "pillow-12.3.0-cp313-cp313-ios_13_0_arm64_iphonesimulator.whl", hash = "sha256:4e8c2a84d977f50b9daed6eeaf3baef67d00d5d74d932288f02cb94518ee3ace"},
    {file = "pillow-12.3.0-cp313-cp313-ios_13_0_x86_64_iphonesimulator.whl", hash = "sha256:ae26d61dfa7a47befdc7572b521024e8745f3d809bd95ca9505a7bba9ef849ec"},
    {file = "pillow-12.3.0-cp313-cp313-macosx_10_13_x86_64.whl", hash = "sha256:7a743ff716f746fc19a9557f60dab1600d4613255f8a7aeb3cdde4db7eb15a66"},
    {file = "pillow-12.3.0-cp313-cp313-macosx_11_0_arm64.whl", hash = "sha256:d69141514cc30b774ceea5e3ed3a6635c8d8a96edf664689b890f4089111fb35"},
    {file = "pillow-12.3.0-cp313-cp313-manylinux_2_27_aarch64.manylinux_2_28_aarch64.whl", hash = "sha256:f7401aebd7f581d7f83a439d87d474999317ee099218e5ad25d125290990ba65"},
    {file = "pillow-12.3.0-cp313-cp313-manylinux_2_27_x86_64.manylinux_2_28_x86_64.whl", hash = "sha256:0847a763afefb695bc912d7c131e7e0632d4edc1d8698f58ddabec8e46b8b6d3"},
    {file = "pillow-12.3.0-cp313-cp313-musllinux_1_2_aarch64.whl", hash = "sha256:571b9fcb07b97ef3a492028fb3d2dc0993ca23a06138b0315286566d29ef718a"},
    {file = "pillow-12.3.0-cp313-cp313-musllinux_1_2_x86_64.whl", hash = "sha256:756c768d0c9c2955feb7a56c37ea24aea2e369f8d36a88da270b6a9f19e62b5e"},
    {file = "pillow-12.3.0-cp313-cp313-win32.whl", hash = "sha256:a876864214e136f0eb367788dbd7df045f4806801518e2cfe9e13229cfe06d8f"},
    {file = "pillow-12.3.0-cp313-cp313-win_amd64.whl", hash = "sha256:1cca606cd25738df4ed873d5ad46bbdb3d83b5cbca291f6b4ff13a4df6b0bbe8"},
    {file = "pillow-12.3.0-cp313-cp313-win_arm64.whl", hash = "sha256:b629de27fda84b42cde7edef0d85f13b958b47f6e9bbcbba9b673c562a89bd8b"},
    {file = "pillow-12.3.0.tar.gz", hash = "sha256:3b8182a766685eaa002637e28b4ec8d6b18819a0c71f579bf0dbaa5830297cce"},
]

[[package]]
name = "pycparser"
version = "3.0"
requires_python = ">=3.10"
summary = "C parser in Python"
groups = ["default"]
marker = "python_version >= \"3.13\" and platform_python_implementation != \"CPython\" and implementation_name != \"PyPy\""
files = [
    {file = "pycparser-3.0-py3-none-any.whl", hash = "sha256:b727414169a36b7d524c1c3e31839a521725078d7b2ff038656844266160a992"},
    {file = "pycparser-3.0.tar.gz", hash = "sha256:600f49d217304a5902ac3c37e1281c9fe94e4d0489de643a9504c5cdfdfc6b29"},
]

[[package]]
name = "unicodedata2"
version = "17.0.1"
summary = "Unicodedata backport updated to the latest Unicode version."
groups = ["default"]
marker = "python_version <= \"3.14\""
files = [
    {file = "unicodedata2-17.0.1-cp313-cp313-macosx_10_13_universal2.whl", hash = "sha256:e700dbedf1ec4466e1f36d2172fa2c856141e8d8ee256f5d1ef32507f7afa2b8"},
    {file = "unicodedata2-17.0.1-cp313-cp313-macosx_11_0_arm64.whl", hash = "sha256:fc83524357ea99933ff0b33eb781f35381b6da0e89fb466bbfd9e52d3b701602"},
    {file = "unicodedata2-17.0.1-cp313-cp313-manylinux2014_aarch64.manylinux_2_17_aarch64.manylinux_2_28_aarch64.whl", hash = "sha256:e3aefd1fd71d95e87ba8df580f54ae4d52076e4394eddc97d0f4609849f01ae4"},
    {file = "unicodedata2-17.0.1-cp313-cp313-manylinux2014_x86_64.manylinux_2_17_x86_64.whl", hash = "sha256:8a4c70a9b1438b2303ab577c6c3a80c650952c76f496418ef7ab6755ff1ffbea"},
    {file = "unicodedata2-17.0.1-cp313-cp313-musllinux_1_2_aarch64.whl", hash = "sha256:761c53084ca0f3a1beda52f1c3980a0d561221f860a56a1342087c67879fd547"},
    {file = "unicodedata2-17.0.1-cp313-cp313-musllinux_1_2_x86_64.whl", hash = "sha256:ba5f094d6ff67c130fe36fbdad64371c7b2e7672f4e35166f98ae6c88646ccda"},
    {file = "unicodedata2-17.0.1-cp313-cp313-win32.whl", hash = "sha256:e314cd8a8f64aa0d2bcf940b9d8e742cb726566574bf241a02b23d0ea9c779c9"},
    {file = "unicodedata2-17.0.1-cp313-cp313-win_amd64.whl", hash = "sha256:7ec69751488663ad5644b2bce67be9bbf9a178ba9ad3089ca652b05cf5a2aa49"},
    {file = "unicodedata2-17.0.1.tar.gz", hash = "sha256:d79943d153f5f6bfbe3f55a5ec611985184bda37fcedb3ecc75322d82ae6ad3b"},
]

[[package]]
name = "zopfli"
version = "0.4.3"
requires_python = ">=3.10"
summary = "Zopfli module for python"
groups = ["default"]
files = [
    {file = "zopfli-0.4.3-cp310-abi3-macosx_10_9_universal2.whl", hash = "sha256:88f4fbe429aad72bc206275d81fab11a097e0f951a5848d1f51083c37ea73073"},
    {file = "zopfli-0.4.3-cp310-abi3-manylinux2014_x86_64.manylinux_2_17_x86_64.whl", hash = "sha256:769875152d0625c46707bcca57d4b2233fe653482067acd55fbf6ec525cb9bdc"},
    {file = "zopfli-0.4.3-cp310-abi3-manylinux_2_24_aarch64.manylinux_2_28_aarch64.whl", hash = "sha256:eb0c9c1d40a8cb1d58762d7e57290ccb753e0828c4d01be8acb59aae5d0ca206"},
    {file = "zopfli-0.4.3-cp310-abi3-musllinux_1_2_aarch64.whl", hash = "sha256:7fa3c35193475290e3f007bbcdebdbae64ba2f012d75c632da0d727e1da50d5e"},
    {file = "zopfli-0.4.3-cp310-abi3-musllinux_1_2_x86_64.whl", hash = "sha256:47604eee5c6704bdf0e94d8391fe3b74ddb2abd84128fbcfdc3ee0fc265feaef"},
    {file = "zopfli-0.4.3-cp310-abi3-win32.whl", hash = "sha256:628c3e941752880b3491db8d44163d0aedb221944e22a17187ff7fc549b050f6"},
    {file = "zopfli-0.4.3-cp310-abi3-win_amd64.whl", hash = "sha256:921c2c9907f4364963848da5ad194b46d68865e07fdb975d04fd09bc42d47357"},
    {file = "zopfli-0.4.3-cp310-abi3-win_arm64.whl", hash = "sha256:7e9703ca6e7ef66c8d05e0826b6f558b680c9db8206f84f05a3ee93430a12e42"},
    {file = "zopfli-0.4.3.tar.gz", hash = "sha256:d3a50f91a13cea9bafe025de8fd87a005eb26de02a4f0c193127ddbf23ac8ebe"},
]
